
Microsoft Visual Studio Solution File, Format Version 12.00
# Visual Studio Version 17
VisualStudioVersion = 17.3.32929.385
MinimumVisualStudioVersion = 10.0.40219.1
Project("{FAE04EC0-301F-11D3-BF4B-00C04F79EFBC}") = "MvvmDemoNet", "MvvmDemoNet\MvvmDemoNet.csproj", "{3B0F3D31-505C-41EC-A2F0-CE4E721623A4}"
EndProject
Global
	GlobalSection(SolutionConfigurationPlatforms) = preSolution
		Debug|Any CPU = Debug|Any CPU
		Release|Any CPU = Release|Any CPU
	EndGlobalSection
	GlobalSection(ProjectConfigurationPlatforms) = postSolution
		{3B0F3D31-505C-41EC-A2F0-CE4E721623A4}.Debug|Any CPU.ActiveCfg = Debug|Any CPU
		{3B0F3D31-505C-41EC-A2F0-CE4E721623A4}.Debug|Any CPU.Build.0 = Debug|Any CPU
		{3B0F3D31-505C-41EC-A2F0-CE4E721623A4}.Release|Any CPU.ActiveCfg = Release|Any CPU
		{3B0F3D31-505C-41EC-A2F0-CE4E721623A4}.Release|Any CPU.Build.0 = Release|Any CPU
	EndGlobalSection
	GlobalSection(SolutionProperties) = preSolution
		HideSolutionNode = FALSE
	EndGlobalSection
	GlobalSection(ExtensibilityGlobals) = postSolution
		SolutionGuid = {DDA75963-B95E-484F-B738-3A9E730B6A8A}
	EndGlobalSection
EndGlobal
